
Microsoft Visual Studio Solution File, Format Version 12.00
# Visual Studio Version 17
VisualStudioVersion = 17.9.34723.18
MinimumVisualStudioVersion = 10.0.40219.1
Project("{9A19103F-16F7-4668-BE54-9A1E7A4F7556}") = "LowFlix", "LowFlix\LowFlix.csproj", "{A0007C37-C4F2-4A83-9623-F36203106E5F}"
EndProject
Project("{9A19103F-16F7-4668-BE54-9A1E7A4F7556}") = "LowFlix.Core", "LowFlix.Core\LowFlix.Core.csproj", "{D1592D19-85BD-4769-95AB-4288DE8C7B8B}"
EndProject
Project("{9A19103F-16F7-4668-BE54-9A1E7A4F7556}") = "LowFlix.Infrastructure", "LowFlix.Infrastructure\LowFlix.Infrastructure.csproj", "{1A03C3B7-D063-4AB3-9582-85B588BF67B4}"
EndProject
Global
	GlobalSection(SolutionConfigurationPlatforms) = preSolution
		Debug|Any CPU = Debug|Any CPU
		Release|Any CPU = Release|Any CPU
	EndGlobalSection
	GlobalSection(ProjectConfigurationPlatforms) = postSolution
		{A0007C37-C4F2-4A83-9623-F36203106E5F}.Debug|Any CPU.ActiveCfg = Debug|Any CPU
		{A0007C37-C4F2-4A83-9623-F36203106E5F}.Debug|Any CPU.Build.0 = Debug|Any CPU
		{A0007C37-C4F2-4A83-9623-F36203106E5F}.Release|Any CPU.ActiveCfg = Release|Any CPU
		{A0007C37-C4F2-4A83-9623-F36203106E5F}.Release|Any CPU.Build.0 = Release|Any CPU
		{D1592D19-85BD-4769-95AB-4288DE8C7B8B}.Debug|Any CPU.ActiveCfg = Debug|Any CPU
		{D1592D19-85BD-4769-95AB-4288DE8C7B8B}.Debug|Any CPU.Build.0 = Debug|Any CPU
		{D1592D19-85BD-4769-95AB-4288DE8C7B8B}.Release|Any CPU.ActiveCfg = Release|Any CPU
		{D1592D19-85BD-4769-95AB-4288DE8C7B8B}.Release|Any CPU.Build.0 = Release|Any CPU
		{1A03C3B7-D063-4AB3-9582-85B588BF67B4}.Debug|Any CPU.ActiveCfg = Debug|Any CPU
		{1A03C3B7-D063-4AB3-9582-85B588BF67B4}.Debug|Any CPU.Build.0 = Debug|Any CPU
		{1A03C3B7-D063-4AB3-9582-85B588BF67B4}.Release|Any CPU.ActiveCfg = Release|Any CPU
		{1A03C3B7-D063-4AB3-9582-85B588BF67B4}.Release|Any CPU.Build.0 = Release|Any CPU
	EndGlobalSection
	GlobalSection(SolutionProperties) = preSolution
		HideSolutionNode = FALSE
	EndGlobalSection
	GlobalSection(ExtensibilityGlobals) = postSolution
		SolutionGuid = {84F8D551-3AED-4730-97D0-9DE38FA9F2E7}
	EndGlobalSection
EndGlobal
